
Microsoft Visual Studio Solution File, Format Version 12.00
Project("{FAE04EC0-301F-11D3-BF4B-00C04F79EFBC}") = "App", "App\App.csproj", "{830A8559-2023-4959-9BEB-09981BD71454}"
EndProject
Project("{FAE04EC0-301F-11D3-BF4B-00C04F79EFBC}") = "Tests", "Tests\Tests.csproj", "{64EDF15F-6B1A-497F-82C0-F3D5AAA95678}"
EndProject
Global
	GlobalSection(SolutionConfigurationPlatforms) = preSolution
		Debug|Any CPU = Debug|Any CPU
		Release|Any CPU = Release|Any CPU
	EndGlobalSection
	GlobalSection(ProjectConfigurationPlatforms) = postSolution
		{830A8559-2023-4959-9BEB-09981BD71454}.Debug|Any CPU.ActiveCfg = Debug|Any CPU
		{830A8559-2023-4959-9BEB-09981BD71454}.Debug|Any CPU.Build.0 = Debug|Any CPU
		{830A8559-2023-4959-9BEB-09981BD71454}.Release|Any CPU.ActiveCfg = Release|Any CPU
		{830A8559-2023-4959-9BEB-09981BD71454}.Release|Any CPU.Build.0 = Release|Any CPU
		{64EDF15F-6B1A-497F-82C0-F3D5AAA95678}.Debug|Any CPU.ActiveCfg = Debug|Any CPU
		{64EDF15F-6B1A-497F-82C0-F3D5AAA95678}.Debug|Any CPU.Build.0 = Debug|Any CPU
		{64EDF15F-6B1A-497F-82C0-F3D5AAA95678}.Release|Any CPU.ActiveCfg = Release|Any CPU
		{64EDF15F-6B1A-497F-82C0-F3D5AAA95678}.Release|Any CPU.Build.0 = Release|Any CPU
	EndGlobalSection
EndGlobal
